
Microsoft Visual Studio Solution File, Format Version 12.00
# Visual Studio Version 16
VisualStudioVersion = 16.0.29613.14
MinimumVisualStudioVersion = 10.0.40219.1
Project("{FAE04EC0-301F-11D3-BF4B-00C04F79EFBC}") = "Sportradar.MTS.SDK.DemoProject", "Sportradar.MTS.SDK.DemoProject\Sportradar.MTS.SDK.DemoProject.csproj", "{4FACB9F4-8DE3-4AD6-9840-32E37EA6B68E}"
EndProject
Global
	GlobalSection(SolutionConfigurationPlatforms) = preSolution
		Debug|Any CPU = Debug|Any CPU
		Release|Any CPU = Release|Any CPU
	EndGlobalSection
	GlobalSection(ProjectConfigurationPlatforms) = postSolution
		{4FACB9F4-8DE3-4AD6-9840-32E37EA6B68E}.Debug|Any CPU.ActiveCfg = Debug|Any CPU
		{4FACB9F4-8DE3-4AD6-9840-32E37EA6B68E}.Debug|Any CPU.Build.0 = Debug|Any CPU
		{4FACB9F4-8DE3-4AD6-9840-32E37EA6B68E}.Release|Any CPU.ActiveCfg = Release|Any CPU
		{4FACB9F4-8DE3-4AD6-9840-32E37EA6B68E}.Release|Any CPU.Build.0 = Release|Any CPU
	EndGlobalSection
	GlobalSection(SolutionProperties) = preSolution
		HideSolutionNode = FALSE
	EndGlobalSection
	GlobalSection(ExtensibilityGlobals) = postSolution
		SolutionGuid = {5791D32E-4B54-47D6-A359-F1B40BCBD165}
	EndGlobalSection
EndGlobal
